
Microsoft Visual Studio Solution File, Format Version 12.00
# Visual Studio Version 16
VisualStudioVersion = 16.0.30413.136
MinimumVisualStudioVersion = 10.0.40219.1
Project("{8BC9CEB8-8B4A-11D0-8D11-00A0C91BC942}") = "umlaut", "umlaut\umlaut.vcxproj", "{AF4A1161-5213-4F01-A350-09B183FCA83D}"
EndProject
Project("{8BC9CEB8-8B4A-11D0-8D11-00A0C91BC942}") = "test", "test\test.vcxproj", "{D901A799-1975-4B2C-8273-DE8A38B379A5}"
EndProject
Project("{2150E333-8FDC-42A3-9474-1A3956D46DE8}") = "Solution Items", "Solution Items", "{150C916C-E321-4090-A42F-3594379428F0}"
	ProjectSection(SolutionItems) = preProject
		.travis.yml = .travis.yml
	EndProjectSection
EndProject
Global
	GlobalSection(SolutionConfigurationPlatforms) = preSolution
		Debug|x64 = Debug|x64
		Debug|x86 = Debug|x86
		Release|x64 = Release|x64
		Release|x86 = Release|x86
	EndGlobalSection
	GlobalSection(ProjectConfigurationPlatforms) = postSolution
		{AF4A1161-5213-4F01-A350-09B183FCA83D}.Debug|x64.ActiveCfg = Debug|x64
		{AF4A1161-5213-4F01-A350-09B183FCA83D}.Debug|x64.Build.0 = Debug|x64
		{AF4A1161-5213-4F01-A350-09B183FCA83D}.Debug|x86.ActiveCfg = Debug|Win32
		{AF4A1161-5213-4F01-A350-09B183FCA83D}.Debug|x86.Build.0 = Debug|Win32
		{AF4A1161-5213-4F01-A350-09B183FCA83D}.Release|x64.ActiveCfg = Release|x64
		{AF4A1161-5213-4F01-A350-09B183FCA83D}.Release|x64.Build.0 = Release|x64
		{AF4A1161-5213-4F01-A350-09B183FCA83D}.Release|x86.ActiveCfg = Release|Win32
		{AF4A1161-5213-4F01-A350-09B183FCA83D}.Release|x86.Build.0 = Release|Win32
		{D901A799-1975-4B2C-8273-DE8A38B379A5}.Debug|x64.ActiveCfg = Debug|x64
		{D901A799-1975-4B2C-8273-DE8A38B379A5}.Debug|x64.Build.0 = Debug|x64
		{D901A799-1975-4B2C-8273-DE8A38B379A5}.Debug|x86.ActiveCfg = Debug|Win32
		{D901A799-1975-4B2C-8273-DE8A38B379A5}.Debug|x86.Build.0 = Debug|Win32
		{D901A799-1975-4B2C-8273-DE8A38B379A5}.Release|x64.ActiveCfg = Release|x64
		{D901A799-1975-4B2C-8273-DE8A38B379A5}.Release|x64.Build.0 = Release|x64
		{D901A799-1975-4B2C-8273-DE8A38B379A5}.Release|x86.ActiveCfg = Release|Win32
		{D901A799-1975-4B2C-8273-DE8A38B379A5}.Release|x86.Build.0 = Release|Win32
	EndGlobalSection
	GlobalSection(SolutionProperties) = preSolution
		HideSolutionNode = FALSE
	EndGlobalSection
	GlobalSection(ExtensibilityGlobals) = postSolution
		SolutionGuid = {9F3188F8-88B9-4095-975E-2E81BCF2BC19}
	EndGlobalSection
EndGlobal
